// !$*UTF8*$!
{
	archiveVersion = 1;
	classes = {
	};
	objectVersion = 46;
	objects = {

/* Begin PBXBuildFile section */
		5BCE89FC72DFB00B50889F0A /* Pods_Zimu.framework in Frameworks */ = {isa = PBXBuildFile; fileRef = 481634BDD47E6138955329BC /* Pods_Zimu.framework */; };
		5F9C3C891E5E802C009659E4 /* AppDelegate.m in Sources */ = {isa = PBXBuildFile; fileRef = 5F9C3C811E5E802C009659E4 /* AppDelegate.m */; };
		5F9C3C8F1E5E80AC009659E4 /* Assets.xcassets in Resources */ = {isa = PBXBuildFile; fileRef = 5F9C3C8C1E5E80AC009659E4 /* Assets.xcassets */; };
		5F9C3C901E5E80AC009659E4 /* Info.plist in Resources */ = {isa = PBXBuildFile; fileRef = 5F9C3C8D1E5E80AC009659E4 /* Info.plist */; };
		5F9C3C911E5E80AC009659E4 /* main.m in Sources */ = {isa = PBXBuildFile; fileRef = 5F9C3C8E1E5E80AC009659E4 /* main.m */; };
		5F9C3C9C1E5EB6A4009659E4 /* UIImage+ZMExtension.m in Sources */ = {isa = PBXBuildFile; fileRef = 5F9C3C971E5EB6A4009659E4 /* UIImage+ZMExtension.m */; };
		5F9C3C9D1E5EB6A4009659E4 /* ZMTabBar.m in Sources */ = {isa = PBXBuildFile; fileRef = 5F9C3C9B1E5EB6A4009659E4 /* ZMTabBar.m */; };
		5F9C3CA01E5EB6C8009659E4 /* RootTabBarController.m in Sources */ = {isa = PBXBuildFile; fileRef = 5F9C3C9F1E5EB6C8009659E4 /* RootTabBarController.m */; };
		5F9C3CA31E5EB7B5009659E4 /* BaseNavigationController.m in Sources */ = {isa = PBXBuildFile; fileRef = 5F9C3CA21E5EB7B5009659E4 /* BaseNavigationController.m */; };
		5F9C3CA61E5EB7D8009659E4 /* BlankPageView.m in Sources */ = {isa = PBXBuildFile; fileRef = 5F9C3CA51E5EB7D8009659E4 /* BlankPageView.m */; };
		5F9C3CAC1E5EB825009659E4 /* UIView+BlankExtension.m in Sources */ = {isa = PBXBuildFile; fileRef = 5F9C3CAB1E5EB825009659E4 /* UIView+BlankExtension.m */; };
		5F9C3CAF1E5EB9FA009659E4 /* BaseViewController.m in Sources */ = {isa = PBXBuildFile; fileRef = 5F9C3CAE1E5EB9FA009659E4 /* BaseViewController.m */; };
		5F9C3CB21E5EBA19009659E4 /* ConsultViewController.m in Sources */ = {isa = PBXBuildFile; fileRef = 5F9C3CB11E5EBA19009659E4 /* ConsultViewController.m */; };
		5F9C3CB51E5EBA2D009659E4 /* HomeViewController.m in Sources */ = {isa = PBXBuildFile; fileRef = 5F9C3CB41E5EBA2D009659E4 /* HomeViewController.m */; };
		5F9C3CB81E5EBA38009659E4 /* CourseViewController.m in Sources */ = {isa = PBXBuildFile; fileRef = 5F9C3CB71E5EBA38009659E4 /* CourseViewController.m */; };
		5F9C3CBB1E5EBA49009659E4 /* FindViewController.m in Sources */ = {isa = PBXBuildFile; fileRef = 5F9C3CBA1E5EBA49009659E4 /* FindViewController.m */; };
		5F9C3CBE1E5EBA52009659E4 /* MineViewController.m in Sources */ = {isa = PBXBuildFile; fileRef = 5F9C3CBD1E5EBA52009659E4 /* MineViewController.m */; };
		5F9C3CC11E5EBB96009659E4 /* UIBarButtonItem+ZMExtension.m in Sources */ = {isa = PBXBuildFile; fileRef = 5F9C3CC01E5EBB96009659E4 /* UIBarButtonItem+ZMExtension.m */; };
		5F9C3CC41E5EBEC9009659E4 /* TestViewController.m in Sources */ = {isa = PBXBuildFile; fileRef = 5F9C3CC31E5EBEC9009659E4 /* TestViewController.m */; };
		5F9C3CC81E5F32C7009659E4 /* HomeTableView.m in Sources */ = {isa = PBXBuildFile; fileRef = 5F9C3CC71E5F32C7009659E4 /* HomeTableView.m */; };
		5F9C3CCB1E5F3348009659E4 /* HomeArrayDataSource.m in Sources */ = {isa = PBXBuildFile; fileRef = 5F9C3CCA1E5F3348009659E4 /* HomeArrayDataSource.m */; };
		5F9C3CD41E60081E009659E4 /* ListSelectButton.m in Sources */ = {isa = PBXBuildFile; fileRef = 5F9C3CD31E60081E009659E4 /* ListSelectButton.m */; };
		5F9C3CDA1E627937009659E4 /* HeaderNavigationView.m in Sources */ = {isa = PBXBuildFile; fileRef = 5F9C3CD91E627937009659E4 /* HeaderNavigationView.m */; };
		5F9C3CDF1E62CBA0009659E4 /* UIView+ViewController.m in Sources */ = {isa = PBXBuildFile; fileRef = 5F9C3CDE1E62CBA0009659E4 /* UIView+ViewController.m */; };
		5F9C3CE51E62CFF2009659E4 /* UIColor+HexString.m in Sources */ = {isa = PBXBuildFile; fileRef = 5F9C3CE41E62CFF2009659E4 /* UIColor+HexString.m */; };
		5F9C3CEB1E62D17C009659E4 /* UIView+ZMExtension.m in Sources */ = {isa = PBXBuildFile; fileRef = 5F9C3CEA1E62D17C009659E4 /* UIView+ZMExtension.m */; };
		5F9C3CEE1E63209B009659E4 /* ODRefreshControl.m in Sources */ = {isa = PBXBuildFile; fileRef = 5F9C3CED1E63209B009659E4 /* ODRefreshControl.m */; };
		5F9C3CFF1E63C0CB009659E4 /* TAAbstractDotView.m in Sources */ = {isa = PBXBuildFile; fileRef = 5F9C3CF21E63C0CB009659E4 /* TAAbstractDotView.m */; };
		5F9C3D001E63C0CB009659E4 /* TAAnimatedDotView.m in Sources */ = {isa = PBXBuildFile; fileRef = 5F9C3CF41E63C0CB009659E4 /* TAAnimatedDotView.m */; };
		5F9C3D011E63C0CB009659E4 /* TADotView.m in Sources */ = {isa = PBXBuildFile; fileRef = 5F9C3CF61E63C0CB009659E4 /* TADotView.m */; };
		5F9C3D021E63C0CB009659E4 /* TAPageControl.m in Sources */ = {isa = PBXBuildFile; fileRef = 5F9C3CF81E63C0CB009659E4 /* TAPageControl.m */; };
		5F9C3D031E63C0CB009659E4 /* SDCollectionViewCell.m in Sources */ = {isa = PBXBuildFile; fileRef = 5F9C3CFA1E63C0CB009659E4 /* SDCollectionViewCell.m */; };
		5F9C3D041E63C0CB009659E4 /* SDCycleScrollView.m in Sources */ = {isa = PBXBuildFile; fileRef = 5F9C3CFC1E63C0CB009659E4 /* SDCycleScrollView.m */; };
		5F9C3D051E63C0CB009659E4 /* UIView+SDExtension.m in Sources */ = {isa = PBXBuildFile; fileRef = 5F9C3CFE1E63C0CB009659E4 /* UIView+SDExtension.m */; };
		5F9C3D0F1E63C669009659E4 /* cycle_01.jpg in Resources */ = {isa = PBXBuildFile; fileRef = 5F9C3D071E63C669009659E4 /* cycle_01.jpg */; };
		5F9C3D101E63C669009659E4 /* cycle_02.jpg in Resources */ = {isa = PBXBuildFile; fileRef = 5F9C3D081E63C669009659E4 /* cycle_02.jpg */; };
		5F9C3D111E63C669009659E4 /* cycle_03.jpg in Resources */ = {isa = PBXBuildFile; fileRef = 5F9C3D091E63C669009659E4 /* cycle_03.jpg */; };
		5F9C3D121E63C669009659E4 /* cycle_04.jpg in Resources */ = {isa = PBXBuildFile; fileRef = 5F9C3D0A1E63C669009659E4 /* cycle_04.jpg */; };
		5F9C3D131E63C669009659E4 /* cycle_05.jpg in Resources */ = {isa = PBXBuildFile; fileRef = 5F9C3D0B1E63C669009659E4 /* cycle_05.jpg */; };
		5F9C3D141E63C669009659E4 /* cycle_06.jpg in Resources */ = {isa = PBXBuildFile; fileRef = 5F9C3D0C1E63C669009659E4 /* cycle_06.jpg */; };
		5F9C3D151E63C669009659E4 /* cycle_07.jpg in Resources */ = {isa = PBXBuildFile; fileRef = 5F9C3D0D1E63C669009659E4 /* cycle_07.jpg */; };
		5F9C3D161E63C669009659E4 /* cycle_08.jpg in Resources */ = {isa = PBXBuildFile; fileRef = 5F9C3D0E1E63C669009659E4 /* cycle_08.jpg */; };
		5F9C3D191E63CBC6009659E4 /* SquareButtonView.m in Sources */ = {isa = PBXBuildFile; fileRef = 5F9C3D181E63CBC6009659E4 /* SquareButtonView.m */; };
		5F9C3D1C1E6413D7009659E4 /* CircleCollectionView.m in Sources */ = {isa = PBXBuildFile; fileRef = 5F9C3D1B1E6413D7009659E4 /* CircleCollectionView.m */; };
		5F9C3D201E6413EA009659E4 /* CircleCollectionViewCell.m in Sources */ = {isa = PBXBuildFile; fileRef = 5F9C3D1E1E6413EA009659E4 /* CircleCollectionViewCell.m */; };
		5F9C3D211E6413EA009659E4 /* CircleCollectionViewCell.xib in Resources */ = {isa = PBXBuildFile; fileRef = 5F9C3D1F1E6413EA009659E4 /* CircleCollectionViewCell.xib */; };
		5F9C3D241E642638009659E4 /* HomeHeaderView.m in Sources */ = {isa = PBXBuildFile; fileRef = 5F9C3D231E642638009659E4 /* HomeHeaderView.m */; };
		5FC6990D1E5D786200B8574D /* ZimuTests.m in Sources */ = {isa = PBXBuildFile; fileRef = 5FC6990C1E5D786200B8574D /* ZimuTests.m */; };
		5FC699181E5D786200B8574D /* ZimuUITests.m in Sources */ = {isa = PBXBuildFile; fileRef = 5FC699171E5D786200B8574D /* ZimuUITests.m */; };
/* End PBXBuildFile section */

/* Begin PBXContainerItemProxy section */
		5FC699091E5D786200B8574D /* PBXContainerItemProxy */ = {
			isa = PBXContainerItemProxy;
			containerPortal = 5FC698E71E5D786200B8574D /* Project object */;
			proxyType = 1;
			remoteGlobalIDString = 5FC698EE1E5D786200B8574D;
			remoteInfo = Zimu;
		};
		5FC699141E5D786200B8574D /* PBXContainerItemProxy */ = {
			isa = PBXContainerItemProxy;
			containerPortal = 5FC698E71E5D786200B8574D /* Project object */;
			proxyType = 1;
			remoteGlobalIDString = 5FC698EE1E5D786200B8574D;
			remoteInfo = Zimu;
		};
/* End PBXContainerItemProxy section */

/* Begin PBXFileReference section */
		1573BFC1D12E396CD1C32560 /* Pods-Zimu.release.xcconfig */ = {isa = PBXFileReference; includeInIndex = 1; lastKnownFileType = text.xcconfig; name = "Pods-Zimu.release.xcconfig"; path = "Pods/Target Support Files/Pods-Zimu/Pods-Zimu.release.xcconfig"; sourceTree = "<group>"; };
		3A3032DEBE425F530364D998 /* Pods-Zimu.debug.xcconfig */ = {isa = PBXFileReference; includeInIndex = 1; lastKnownFileType = text.xcconfig; name = "Pods-Zimu.debug.xcconfig"; path = "Pods/Target Support Files/Pods-Zimu/Pods-Zimu.debug.xcconfig"; sourceTree = "<group>"; };
		481634BDD47E6138955329BC /* Pods_Zimu.framework */ = {isa = PBXFileReference; explicitFileType = wrapper.framework; includeInIndex = 0; path = Pods_Zimu.framework; sourceTree = BUILT_PRODUCTS_DIR; };
		5F9C3C801E5E802C009659E4 /* AppDelegate.h */ = {isa = PBXFileReference; fileEncoding = 4; lastKnownFileType = sourcecode.c.h; path = AppDelegate.h; sourceTree = "<group>"; };
		5F9C3C811E5E802C009659E4 /* AppDelegate.m */ = {isa = PBXFileReference; fileEncoding = 4; lastKnownFileType = sourcecode.c.objc; path = AppDelegate.m; sourceTree = "<group>"; };
		5F9C3C8C1E5E80AC009659E4 /* Assets.xcassets */ = {isa = PBXFileReference; lastKnownFileType = folder.assetcatalog; path = Assets.xcassets; sourceTree = "<group>"; };
		5F9C3C8D1E5E80AC009659E4 /* Info.plist */ = {isa = PBXFileReference; fileEncoding = 4; lastKnownFileType = text.plist.xml; path = Info.plist; sourceTree = "<group>"; };
		5F9C3C8E1E5E80AC009659E4 /* main.m */ = {isa = PBXFileReference; fileEncoding = 4; lastKnownFileType = sourcecode.c.objc; path = main.m; sourceTree = "<group>"; };
		5F9C3C961E5EB6A4009659E4 /* UIImage+ZMExtension.h */ = {isa = PBXFileReference; fileEncoding = 4; lastKnownFileType = sourcecode.c.h; path = "UIImage+ZMExtension.h"; sourceTree = "<group>"; };
		5F9C3C971E5EB6A4009659E4 /* UIImage+ZMExtension.m */ = {isa = PBXFileReference; fileEncoding = 4; lastKnownFileType = sourcecode.c.objc; path = "UIImage+ZMExtension.m"; sourceTree = "<group>"; };
		5F9C3C9A1E5EB6A4009659E4 /* ZMTabBar.h */ = {isa = PBXFileReference; fileEncoding = 4; lastKnownFileType = sourcecode.c.h; path = ZMTabBar.h; sourceTree = "<group>"; };
		5F9C3C9B1E5EB6A4009659E4 /* ZMTabBar.m */ = {isa = PBXFileReference; fileEncoding = 4; lastKnownFileType = sourcecode.c.objc; path = ZMTabBar.m; sourceTree = "<group>"; };
		5F9C3C9E1E5EB6C8009659E4 /* RootTabBarController.h */ = {isa = PBXFileReference; fileEncoding = 4; lastKnownFileType = sourcecode.c.h; path = RootTabBarController.h; sourceTree = "<group>"; };
		5F9C3C9F1E5EB6C8009659E4 /* RootTabBarController.m */ = {isa = PBXFileReference; fileEncoding = 4; lastKnownFileType = sourcecode.c.objc; path = RootTabBarController.m; sourceTree = "<group>"; };
		5F9C3CA11E5EB7B5009659E4 /* BaseNavigationController.h */ = {isa = PBXFileReference; fileEncoding = 4; lastKnownFileType = sourcecode.c.h; path = BaseNavigationController.h; sourceTree = "<group>"; };
		5F9C3CA21E5EB7B5009659E4 /* BaseNavigationController.m */ = {isa = PBXFileReference; fileEncoding = 4; lastKnownFileType = sourcecode.c.objc; path = BaseNavigationController.m; sourceTree = "<group>"; };
		5F9C3CA41E5EB7D8009659E4 /* BlankPageView.h */ = {isa = PBXFileReference; fileEncoding = 4; lastKnownFileType = sourcecode.c.h; path = BlankPageView.h; sourceTree = "<group>"; };
		5F9C3CA51E5EB7D8009659E4 /* BlankPageView.m */ = {isa = PBXFileReference; fileEncoding = 4; lastKnownFileType = sourcecode.c.objc; path = BlankPageView.m; sourceTree = "<group>"; };
		5F9C3CAA1E5EB825009659E4 /* UIView+BlankExtension.h */ = {isa = PBXFileReference; fileEncoding = 4; lastKnownFileType = sourcecode.c.h; path = "UIView+BlankExtension.h"; sourceTree = "<group>"; };
		5F9C3CAB1E5EB825009659E4 /* UIView+BlankExtension.m */ = {isa = PBXFileReference; fileEncoding = 4; lastKnownFileType = sourcecode.c.objc; path = "UIView+BlankExtension.m"; sourceTree = "<group>"; };
		5F9C3CAD1E5EB9FA009659E4 /* BaseViewController.h */ = {isa = PBXFileReference; fileEncoding = 4; lastKnownFileType = sourcecode.c.h; path = BaseViewController.h; sourceTree = "<group>"; };
		5F9C3CAE1E5EB9FA009659E4 /* BaseViewController.m */ = {isa = PBXFileReference; fileEncoding = 4; lastKnownFileType = sourcecode.c.objc; path = BaseViewController.m; sourceTree = "<group>"; };
		5F9C3CB01E5EBA19009659E4 /* ConsultViewController.h */ = {isa = PBXFileReference; fileEncoding = 4; lastKnownFileType = sourcecode.c.h; path = ConsultViewController.h; sourceTree = "<group>"; };
		5F9C3CB11E5EBA19009659E4 /* ConsultViewController.m */ = {isa = PBXFileReference; fileEncoding = 4; lastKnownFileType = sourcecode.c.objc; path = ConsultViewController.m; sourceTree = "<group>"; };
		5F9C3CB31E5EBA2D009659E4 /* HomeViewController.h */ = {isa = PBXFileReference; fileEncoding = 4; lastKnownFileType = sourcecode.c.h; path = HomeViewController.h; sourceTree = "<group>"; };
		5F9C3CB41E5EBA2D009659E4 /* HomeViewController.m */ = {isa = PBXFileReference; fileEncoding = 4; lastKnownFileType = sourcecode.c.objc; path = HomeViewController.m; sourceTree = "<group>"; };
		5F9C3CB61E5EBA38009659E4 /* CourseViewController.h */ = {isa = PBXFileReference; fileEncoding = 4; lastKnownFileType = sourcecode.c.h; path = CourseViewController.h; sourceTree = "<group>"; };
		5F9C3CB71E5EBA38009659E4 /* CourseViewController.m */ = {isa = PBXFileReference; fileEncoding = 4; lastKnownFileType = sourcecode.c.objc; path = CourseViewController.m; sourceTree = "<group>"; };
		5F9C3CB91E5EBA49009659E4 /* FindViewController.h */ = {isa = PBXFileReference; fileEncoding = 4; lastKnownFileType = sourcecode.c.h; path = FindViewController.h; sourceTree = "<group>"; };
		5F9C3CBA1E5EBA49009659E4 /* FindViewController.m */ = {isa = PBXFileReference; fileEncoding = 4; lastKnownFileType = sourcecode.c.objc; path = FindViewController.m; sourceTree = "<group>"; };
		5F9C3CBC1E5EBA52009659E4 /* MineViewController.h */ = {isa = PBXFileReference; fileEncoding = 4; lastKnownFileType = sourcecode.c.h; path = MineViewController.h; sourceTree = "<group>"; };
		5F9C3CBD1E5EBA52009659E4 /* MineViewController.m */ = {isa = PBXFileReference; fileEncoding = 4; lastKnownFileType = sourcecode.c.objc; path = MineViewController.m; sourceTree = "<group>"; };
		5F9C3CBF1E5EBB96009659E4 /* UIBarButtonItem+ZMExtension.h */ = {isa = PBXFileReference; fileEncoding = 4; lastKnownFileType = sourcecode.c.h; path = "UIBarButtonItem+ZMExtension.h"; sourceTree = "<group>"; };
		5F9C3CC01E5EBB96009659E4 /* UIBarButtonItem+ZMExtension.m */ = {isa = PBXFileReference; fileEncoding = 4; lastKnownFileType = sourcecode.c.objc; path = "UIBarButtonItem+ZMExtension.m"; sourceTree = "<group>"; };
		5F9C3CC21E5EBEC9009659E4 /* TestViewController.h */ = {isa = PBXFileReference; fileEncoding = 4; lastKnownFileType = sourcecode.c.h; path = TestViewController.h; sourceTree = "<group>"; };
		5F9C3CC31E5EBEC9009659E4 /* TestViewController.m */ = {isa = PBXFileReference; fileEncoding = 4; lastKnownFileType = sourcecode.c.objc; path = TestViewController.m; sourceTree = "<group>"; };
		5F9C3CC61E5F32C7009659E4 /* HomeTableView.h */ = {isa = PBXFileReference; fileEncoding = 4; lastKnownFileType = sourcecode.c.h; path = HomeTableView.h; sourceTree = "<group>"; };
		5F9C3CC71E5F32C7009659E4 /* HomeTableView.m */ = {isa = PBXFileReference; fileEncoding = 4; lastKnownFileType = sourcecode.c.objc; path = HomeTableView.m; sourceTree = "<group>"; };
		5F9C3CC91E5F3348009659E4 /* HomeArrayDataSource.h */ = {isa = PBXFileReference; fileEncoding = 4; lastKnownFileType = sourcecode.c.h; path = HomeArrayDataSource.h; sourceTree = "<group>"; };
		5F9C3CCA1E5F3348009659E4 /* HomeArrayDataSource.m */ = {isa = PBXFileReference; fileEncoding = 4; lastKnownFileType = sourcecode.c.objc; path = HomeArrayDataSource.m; sourceTree = "<group>"; };
		5F9C3CD21E60081E009659E4 /* ListSelectButton.h */ = {isa = PBXFileReference; fileEncoding = 4; lastKnownFileType = sourcecode.c.h; path = ListSelectButton.h; sourceTree = "<group>"; };
		5F9C3CD31E60081E009659E4 /* ListSelectButton.m */ = {isa = PBXFileReference; fileEncoding = 4; lastKnownFileType = sourcecode.c.objc; path = ListSelectButton.m; sourceTree = "<group>"; };
		5F9C3CD81E627937009659E4 /* HeaderNavigationView.h */ = {isa = PBXFileReference; fileEncoding = 4; lastKnownFileType = sourcecode.c.h; path = HeaderNavigationView.h; sourceTree = "<group>"; };
		5F9C3CD91E627937009659E4 /* HeaderNavigationView.m */ = {isa = PBXFileReference; fileEncoding = 4; lastKnownFileType = sourcecode.c.objc; path = HeaderNavigationView.m; sourceTree = "<group>"; };
		5F9C3CDD1E62CBA0009659E4 /* UIView+ViewController.h */ = {isa = PBXFileReference; fileEncoding = 4; lastKnownFileType = sourcecode.c.h; path = "UIView+ViewController.h"; sourceTree = "<group>"; };
		5F9C3CDE1E62CBA0009659E4 /* UIView+ViewController.m */ = {isa = PBXFileReference; fileEncoding = 4; lastKnownFileType = sourcecode.c.objc; path = "UIView+ViewController.m"; sourceTree = "<group>"; };
		5F9C3CE11E62CC6C009659E4 /* Common.h */ = {isa = PBXFileReference; fileEncoding = 4; lastKnownFileType = sourcecode.c.h; path = Common.h; sourceTree = "<group>"; };
		5F9C3CE21E62CD02009659E4 /* ZimuPrefixHeader.pch */ = {isa = PBXFileReference; lastKnownFileType = sourcecode.c.h; path = ZimuPrefixHeader.pch; sourceTree = "<group>"; };
		5F9C3CE31E62CFF2009659E4 /* UIColor+HexString.h */ = {isa = PBXFileReference; fileEncoding = 4; lastKnownFileType = sourcecode.c.h; path = "UIColor+HexString.h"; sourceTree = "<group>"; };
		5F9C3CE41E62CFF2009659E4 /* UIColor+HexString.m */ = {isa = PBXFileReference; fileEncoding = 4; lastKnownFileType = sourcecode.c.objc; path = "UIColor+HexString.m"; sourceTree = "<group>"; };
		5F9C3CE91E62D17C009659E4 /* UIView+ZMExtension.h */ = {isa = PBXFileReference; fileEncoding = 4; lastKnownFileType = sourcecode.c.h; path = "UIView+ZMExtension.h"; sourceTree = "<group>"; };
		5F9C3CEA1E62D17C009659E4 /* UIView+ZMExtension.m */ = {isa = PBXFileReference; fileEncoding = 4; lastKnownFileType = sourcecode.c.objc; path = "UIView+ZMExtension.m"; sourceTree = "<group>"; };
		5F9C3CEC1E63209B009659E4 /* ODRefreshControl.h */ = {isa = PBXFileReference; fileEncoding = 4; lastKnownFileType = sourcecode.c.h; path = ODRefreshControl.h; sourceTree = "<group>"; };
		5F9C3CED1E63209B009659E4 /* ODRefreshControl.m */ = {isa = PBXFileReference; fileEncoding = 4; lastKnownFileType = sourcecode.c.objc; path = ODRefreshControl.m; sourceTree = "<group>"; };
		5F9C3CF11E63C0CB009659E4 /* TAAbstractDotView.h */ = {isa = PBXFileReference; fileEncoding = 4; lastKnownFileType = sourcecode.c.h; path = TAAbstractDotView.h; sourceTree = "<group>"; };
		5F9C3CF21E63C0CB009659E4 /* TAAbstractDotView.m */ = {isa = PBXFileReference; fileEncoding = 4; lastKnownFileType = sourcecode.c.objc; path = TAAbstractDotView.m; sourceTree = "<group>"; };
		5F9C3CF31E63C0CB009659E4 /* TAAnimatedDotView.h */ = {isa = PBXFileReference; fileEncoding = 4; lastKnownFileType = sourcecode.c.h; path = TAAnimatedDotView.h; sourceTree = "<group>"; };
		5F9C3CF41E63C0CB009659E4 /* TAAnimatedDotView.m */ = {isa = PBXFileReference; fileEncoding = 4; lastKnownFileType = sourcecode.c.objc; path = TAAnimatedDotView.m; sourceTree = "<group>"; };
		5F9C3CF51E63C0CB009659E4 /* TADotView.h */ = {isa = PBXFileReference; fileEncoding = 4; lastKnownFileType = sourcecode.c.h; path = TADotView.h; sourceTree = "<group>"; };
		5F9C3CF61E63C0CB009659E4 /* TADotView.m */ = {isa = PBXFileReference; fileEncoding = 4; lastKnownFileType = sourcecode.c.objc; path = TADotView.m; sourceTree = "<group>"; };
		5F9C3CF71E63C0CB009659E4 /* TAPageControl.h */ = {isa = PBXFileReference; fileEncoding = 4; lastKnownFileType = sourcecode.c.h; path = TAPageControl.h; sourceTree = "<group>"; };
		5F9C3CF81E63C0CB009659E4 /* TAPageControl.m */ = {isa = PBXFileReference; fileEncoding = 4; lastKnownFileType = sourcecode.c.objc; path = TAPageControl.m; sourceTree = "<group>"; };
		5F9C3CF91E63C0CB009659E4 /* SDCollectionViewCell.h */ = {isa = PBXFileReference; fileEncoding = 4; lastKnownFileType = sourcecode.c.h; path = SDCollectionViewCell.h; sourceTree = "<group>"; };
		5F9C3CFA1E63C0CB009659E4 /* SDCollectionViewCell.m */ = {isa = PBXFileReference; fileEncoding = 4; lastKnownFileType = sourcecode.c.objc; path = SDCollectionViewCell.m; sourceTree = "<group>"; };
		5F9C3CFB1E63C0CB009659E4 /* SDCycleScrollView.h */ = {isa = PBXFileReference; fileEncoding = 4; lastKnownFileType = sourcecode.c.h; path = SDCycleScrollView.h; sourceTree = "<group>"; };
		5F9C3CFC1E63C0CB009659E4 /* SDCycleScrollView.m */ = {isa = PBXFileReference; fileEncoding = 4; lastKnownFileType = sourcecode.c.objc; path = SDCycleScrollView.m; sourceTree = "<group>"; };
		5F9C3CFD1E63C0CB009659E4 /* UIView+SDExtension.h */ = {isa = PBXFileReference; fileEncoding = 4; lastKnownFileType = sourcecode.c.h; path = "UIView+SDExtension.h"; sourceTree = "<group>"; };
		5F9C3CFE1E63C0CB009659E4 /* UIView+SDExtension.m */ = {isa = PBXFileReference; fileEncoding = 4; lastKnownFileType = sourcecode.c.objc; path = "UIView+SDExtension.m"; sourceTree = "<group>"; };
		5F9C3D071E63C669009659E4 /* cycle_01.jpg */ = {isa = PBXFileReference; lastKnownFileType = image.jpeg; path = cycle_01.jpg; sourceTree = "<group>"; };
		5F9C3D081E63C669009659E4 /* cycle_02.jpg */ = {isa = PBXFileReference; lastKnownFileType = image.jpeg; path = cycle_02.jpg; sourceTree = "<group>"; };
		5F9C3D091E63C669009659E4 /* cycle_03.jpg */ = {isa = PBXFileReference; lastKnownFileType = image.jpeg; path = cycle_03.jpg; sourceTree = "<group>"; };
		5F9C3D0A1E63C669009659E4 /* cycle_04.jpg */ = {isa = PBXFileReference; lastKnownFileType = image.jpeg; path = cycle_04.jpg; sourceTree = "<group>"; };
		5F9C3D0B1E63C669009659E4 /* cycle_05.jpg */ = {isa = PBXFileReference; lastKnownFileType = image.jpeg; path = cycle_05.jpg; sourceTree = "<group>"; };
		5F9C3D0C1E63C669009659E4 /* cycle_06.jpg */ = {isa = PBXFileReference; lastKnownFileType = image.jpeg; path = cycle_06.jpg; sourceTree = "<group>"; };
		5F9C3D0D1E63C669009659E4 /* cycle_07.jpg */ = {isa = PBXFileReference; lastKnownFileType = image.jpeg; path = cycle_07.jpg; sourceTree = "<group>"; };
		5F9C3D0E1E63C669009659E4 /* cycle_08.jpg */ = {isa = PBXFileReference; lastKnownFileType = image.jpeg; path = cycle_08.jpg; sourceTree = "<group>"; };
		5F9C3D171E63CBC6009659E4 /* SquareButtonView.h */ = {isa = PBXFileReference; fileEncoding = 4; lastKnownFileType = sourcecode.c.h; path = SquareButtonView.h; sourceTree = "<group>"; };
		5F9C3D181E63CBC6009659E4 /* SquareButtonView.m */ = {isa = PBXFileReference; fileEncoding = 4; lastKnownFileType = sourcecode.c.objc; path = SquareButtonView.m; sourceTree = "<group>"; };
		5F9C3D1A1E6413D7009659E4 /* CircleCollectionView.h */ = {isa = PBXFileReference; fileEncoding = 4; lastKnownFileType = sourcecode.c.h; path = CircleCollectionView.h; sourceTree = "<group>"; };
		5F9C3D1B1E6413D7009659E4 /* CircleCollectionView.m */ = {isa = PBXFileReference; fileEncoding = 4; lastKnownFileType = sourcecode.c.objc; path = CircleCollectionView.m; sourceTree = "<group>"; };
		5F9C3D1D1E6413EA009659E4 /* CircleCollectionViewCell.h */ = {isa = PBXFileReference; fileEncoding = 4; lastKnownFileType = sourcecode.c.h; path = CircleCollectionViewCell.h; sourceTree = "<group>"; };
		5F9C3D1E1E6413EA009659E4 /* CircleCollectionViewCell.m */ = {isa = PBXFileReference; fileEncoding = 4; lastKnownFileType = sourcecode.c.objc; path = CircleCollectionViewCell.m; sourceTree = "<group>"; };
		5F9C3D1F1E6413EA009659E4 /* CircleCollectionViewCell.xib */ = {isa = PBXFileReference; fileEncoding = 4; lastKnownFileType = file.xib; path = CircleCollectionViewCell.xib; sourceTree = "<group>"; };
		5F9C3D221E642638009659E4 /* HomeHeaderView.h */ = {isa = PBXFileReference; fileEncoding = 4; lastKnownFileType = sourcecode.c.h; path = HomeHeaderView.h; sourceTree = "<group>"; };
		5F9C3D231E642638009659E4 /* HomeHeaderView.m */ = {isa = PBXFileReference; fileEncoding = 4; lastKnownFileType = sourcecode.c.objc; path = HomeHeaderView.m; sourceTree = "<group>"; };
		5FC698EF1E5D786200B8574D /* Zimu.app */ = {isa = PBXFileReference; explicitFileType = wrapper.application; includeInIndex = 0; path = Zimu.app; sourceTree = BUILT_PRODUCTS_DIR; };
		5FC699081E5D786200B8574D /* ZimuTests.xctest */ = {isa = PBXFileReference; explicitFileType = wrapper.cfbundle; includeInIndex = 0; path = ZimuTests.xctest; sourceTree = BUILT_PRODUCTS_DIR; };
		5FC6990C1E5D786200B8574D /* ZimuTests.m */ = {isa = PBXFileReference; lastKnownFileType = sourcecode.c.objc; path = ZimuTests.m; sourceTree = "<group>"; };
		5FC6990E1E5D786200B8574D /* Info.plist */ = {isa = PBXFileReference; lastKnownFileType = text.plist.xml; path = Info.plist; sourceTree = "<group>"; };
		5FC699131E5D786200B8574D /* ZimuUITests.xctest */ = {isa = PBXFileReference; explicitFileType = wrapper.cfbundle; includeInIndex = 0; path = ZimuUITests.xctest; sourceTree = BUILT_PRODUCTS_DIR; };
		5FC699171E5D786200B8574D /* ZimuUITests.m */ = {isa = PBXFileReference; lastKnownFileType = sourcecode.c.objc; path = ZimuUITests.m; sourceTree = "<group>"; };
		5FC699191E5D786200B8574D /* Info.plist */ = {isa = PBXFileReference; lastKnownFileType = text.plist.xml; path = Info.plist; sourceTree = "<group>"; };
/* End PBXFileReference section */

/* Begin PBXFrameworksBuildPhase section */
		5FC698EC1E5D786200B8574D /* Frameworks */ = {
			isa = PBXFrameworksBuildPhase;
			buildActionMask = 2147483647;
			files = (
				5BCE89FC72DFB00B50889F0A /* Pods_Zimu.framework in Frameworks */,
			);
			runOnlyForDeploymentPostprocessing = 0;
		};
		5FC699051E5D786200B8574D /* Frameworks */ = {
			isa = PBXFrameworksBuildPhase;
			buildActionMask = 2147483647;
			files = (
			);
			runOnlyForDeploymentPostprocessing = 0;
		};
		5FC699101E5D786200B8574D /* Frameworks */ = {
			isa = PBXFrameworksBuildPhase;
			buildActionMask = 2147483647;
			files = (
			);
			runOnlyForDeploymentPostprocessing = 0;
		};
/* End PBXFrameworksBuildPhase section */

/* Begin PBXGroup section */
		49EDFC34B92567266CE5ABA9 /* Pods */ = {
			isa = PBXGroup;
			children = (
				3A3032DEBE425F530364D998 /* Pods-Zimu.debug.xcconfig */,
				1573BFC1D12E396CD1C32560 /* Pods-Zimu.release.xcconfig */,
			);
			name = Pods;
			sourceTree = "<group>";
		};
		5F9C3C671E5E802C009659E4 /* Classes */ = {
			isa = PBXGroup;
			children = (
				5F9C3CE01E62CC6C009659E4 /* Tool--工具 */,
				5F9C3C7F1E5E802C009659E4 /* Other--其他 */,
				5F9C3C751E5E802C009659E4 /* Home--首页 */,
				5F9C3C691E5E802C009659E4 /* Consult--咨询 */,
				5F9C3C6D1E5E802C009659E4 /* Course--课程 */,
				5F9C3C711E5E802C009659E4 /* Find--发现 */,
				5F9C3C7B1E5E802C009659E4 /* Mine--我的 */,
			);
			path = Classes;
			sourceTree = "<group>";
		};
		5F9C3C691E5E802C009659E4 /* Consult--咨询 */ = {
			isa = PBXGroup;
			children = (
				5F9C3C6A1E5E802C009659E4 /* Controller */,
				5F9C3C6B1E5E802C009659E4 /* Model */,
				5F9C3C6C1E5E802C009659E4 /* View */,
			);
			path = "Consult--咨询";
			sourceTree = "<group>";
		};
		5F9C3C6A1E5E802C009659E4 /* Controller */ = {
			isa = PBXGroup;
			children = (
				5F9C3CB01E5EBA19009659E4 /* ConsultViewController.h */,
				5F9C3CB11E5EBA19009659E4 /* ConsultViewController.m */,
			);
			path = Controller;
			sourceTree = "<group>";
		};
		5F9C3C6B1E5E802C009659E4 /* Model */ = {
			isa = PBXGroup;
			children = (
			);
			path = Model;
			sourceTree = "<group>";
		};
		5F9C3C6C1E5E802C009659E4 /* View */ = {
			isa = PBXGroup;
			children = (
			);
			path = View;
			sourceTree = "<group>";
		};
		5F9C3C6D1E5E802C009659E4 /* Course--课程 */ = {
			isa = PBXGroup;
			children = (
				5F9C3C6E1E5E802C009659E4 /* Controller */,
				5F9C3C6F1E5E802C009659E4 /* Model */,
				5F9C3C701E5E802C009659E4 /* View */,
			);
			path = "Course--课程";
			sourceTree = "<group>";
		};
		5F9C3C6E1E5E802C009659E4 /* Controller */ = {
			isa = PBXGroup;
			children = (
				5F9C3CB61E5EBA38009659E4 /* CourseViewController.h */,
				5F9C3CB71E5EBA38009659E4 /* CourseViewController.m */,
			);
			path = Controller;
			sourceTree = "<group>";
		};
		5F9C3C6F1E5E802C009659E4 /* Model */ = {
			isa = PBXGroup;
			children = (
			);
			path = Model;
			sourceTree = "<group>";
		};
		5F9C3C701E5E802C009659E4 /* View */ = {
			isa = PBXGroup;
			children = (
			);
			path = View;
			sourceTree = "<group>";
		};
		5F9C3C711E5E802C009659E4 /* Find--发现 */ = {
			isa = PBXGroup;
			children = (
				5F9C3C721E5E802C009659E4 /* Controller */,
				5F9C3C731E5E802C009659E4 /* Model */,
				5F9C3C741E5E802C009659E4 /* View */,
			);
			path = "Find--发现";
			sourceTree = "<group>";
		};
		5F9C3C721E5E802C009659E4 /* Controller */ = {
			isa = PBXGroup;
			children = (
				5F9C3CB91E5EBA49009659E4 /* FindViewController.h */,
				5F9C3CBA1E5EBA49009659E4 /* FindViewController.m */,
			);
			path = Controller;
			sourceTree = "<group>";
		};
		5F9C3C731E5E802C009659E4 /* Model */ = {
			isa = PBXGroup;
			children = (
			);
			path = Model;
			sourceTree = "<group>";
		};
		5F9C3C741E5E802C009659E4 /* View */ = {
			isa = PBXGroup;
			children = (
			);
			path = View;
			sourceTree = "<group>";
		};
		5F9C3C751E5E802C009659E4 /* Home--首页 */ = {
			isa = PBXGroup;
			children = (
				5F9C3C761E5E802C009659E4 /* Controller */,
				5F9C3C771E5E802C009659E4 /* Model */,
				5F9C3C781E5E802C009659E4 /* View */,
			);
			path = "Home--首页";
			sourceTree = "<group>";
		};
		5F9C3C761E5E802C009659E4 /* Controller */ = {
			isa = PBXGroup;
			children = (
				5F9C3CB31E5EBA2D009659E4 /* HomeViewController.h */,
				5F9C3CB41E5EBA2D009659E4 /* HomeViewController.m */,
				5F9C3CC21E5EBEC9009659E4 /* TestViewController.h */,
				5F9C3CC31E5EBEC9009659E4 /* TestViewController.m */,
			);
			path = Controller;
			sourceTree = "<group>";
		};
		5F9C3C771E5E802C009659E4 /* Model */ = {
			isa = PBXGroup;
			children = (
			);
			path = Model;
			sourceTree = "<group>";
		};
		5F9C3C781E5E802C009659E4 /* View */ = {
			isa = PBXGroup;
			children = (
				5F9C3D261E642845009659E4 /* HeaderNavigationView */,
				5F9C3D251E64280F009659E4 /* HomeHeader */,
				5F9C3D271E642865009659E4 /* HomeTableView */,
			);
			path = View;
			sourceTree = "<group>";
		};
		5F9C3C7B1E5E802C009659E4 /* Mine--我的 */ = {
			isa = PBXGroup;
			children = (
				5F9C3C7C1E5E802C009659E4 /* Controller */,
				5F9C3C7D1E5E802C009659E4 /* Model */,
				5F9C3C7E1E5E802C009659E4 /* View */,
			);
			path = "Mine--我的";
			sourceTree = "<group>";
		};
		5F9C3C7C1E5E802C009659E4 /* Controller */ = {
			isa = PBXGroup;
			children = (
				5F9C3CBC1E5EBA52009659E4 /* MineViewController.h */,
				5F9C3CBD1E5EBA52009659E4 /* MineViewController.m */,
			);
			path = Controller;
			sourceTree = "<group>";
		};
		5F9C3C7D1E5E802C009659E4 /* Model */ = {
			isa = PBXGroup;
			children = (
			);
			path = Model;
			sourceTree = "<group>";
		};
		5F9C3C7E1E5E802C009659E4 /* View */ = {
			isa = PBXGroup;
			children = (
			);
			path = View;
			sourceTree = "<group>";
		};
		5F9C3C7F1E5E802C009659E4 /* Other--其他 */ = {
			isa = PBXGroup;
			children = (
				5F9C3C801E5E802C009659E4 /* AppDelegate.h */,
				5F9C3C811E5E802C009659E4 /* AppDelegate.m */,
				5F9C3C951E5EB6A4009659E4 /* Category */,
				5F9C3C981E5EB6A4009659E4 /* Controller */,
				5F9C3C991E5EB6A4009659E4 /* View */,
			);
			path = "Other--其他";
			sourceTree = "<group>";
		};
		5F9C3C951E5EB6A4009659E4 /* Category */ = {
			isa = PBXGroup;
			children = (
				5F9C3C961E5EB6A4009659E4 /* UIImage+ZMExtension.h */,
				5F9C3C971E5EB6A4009659E4 /* UIImage+ZMExtension.m */,
				5F9C3CE31E62CFF2009659E4 /* UIColor+HexString.h */,
				5F9C3CE41E62CFF2009659E4 /* UIColor+HexString.m */,
				5F9C3CBF1E5EBB96009659E4 /* UIBarButtonItem+ZMExtension.h */,
				5F9C3CC01E5EBB96009659E4 /* UIBarButtonItem+ZMExtension.m */,
				5F9C3CDD1E62CBA0009659E4 /* UIView+ViewController.h */,
				5F9C3CDE1E62CBA0009659E4 /* UIView+ViewController.m */,
				5F9C3CAA1E5EB825009659E4 /* UIView+BlankExtension.h */,
				5F9C3CAB1E5EB825009659E4 /* UIView+BlankExtension.m */,
				5F9C3CE91E62D17C009659E4 /* UIView+ZMExtension.h */,
				5F9C3CEA1E62D17C009659E4 /* UIView+ZMExtension.m */,
			);
			path = Category;
			sourceTree = "<group>";
		};
		5F9C3C981E5EB6A4009659E4 /* Controller */ = {
			isa = PBXGroup;
			children = (
				5F9C3C9E1E5EB6C8009659E4 /* RootTabBarController.h */,
				5F9C3C9F1E5EB6C8009659E4 /* RootTabBarController.m */,
				5F9C3CA11E5EB7B5009659E4 /* BaseNavigationController.h */,
				5F9C3CA21E5EB7B5009659E4 /* BaseNavigationController.m */,
				5F9C3CAD1E5EB9FA009659E4 /* BaseViewController.h */,
				5F9C3CAE1E5EB9FA009659E4 /* BaseViewController.m */,
			);
			path = Controller;
			sourceTree = "<group>";
		};
		5F9C3C991E5EB6A4009659E4 /* View */ = {
			isa = PBXGroup;
			children = (
				5F9C3C9A1E5EB6A4009659E4 /* ZMTabBar.h */,
				5F9C3C9B1E5EB6A4009659E4 /* ZMTabBar.m */,
				5F9C3CA41E5EB7D8009659E4 /* BlankPageView.h */,
				5F9C3CA51E5EB7D8009659E4 /* BlankPageView.m */,
			);
			path = View;
			sourceTree = "<group>";
		};
		5F9C3CE01E62CC6C009659E4 /* Tool--工具 */ = {
			isa = PBXGroup;
			children = (
				5F9C3D061E63C669009659E4 /* Cycle */,
				5F9C3CEF1E63C0CB009659E4 /* SDCycleScrollView */,
				5F9C3CEC1E63209B009659E4 /* ODRefreshControl.h */,
				5F9C3CED1E63209B009659E4 /* ODRefreshControl.m */,
				5F9C3CE11E62CC6C009659E4 /* Common.h */,
				5F9C3CE21E62CD02009659E4 /* ZimuPrefixHeader.pch */,
			);
			path = "Tool--工具";
			sourceTree = "<group>";
		};
		5F9C3CEF1E63C0CB009659E4 /* SDCycleScrollView */ = {
			isa = PBXGroup;
			children = (
				5F9C3CF01E63C0CB009659E4 /* PageControl */,
				5F9C3CF91E63C0CB009659E4 /* SDCollectionViewCell.h */,
				5F9C3CFA1E63C0CB009659E4 /* SDCollectionViewCell.m */,
				5F9C3CFB1E63C0CB009659E4 /* SDCycleScrollView.h */,
				5F9C3CFC1E63C0CB009659E4 /* SDCycleScrollView.m */,
				5F9C3CFD1E63C0CB009659E4 /* UIView+SDExtension.h */,
				5F9C3CFE1E63C0CB009659E4 /* UIView+SDExtension.m */,
			);
			path = SDCycleScrollView;
			sourceTree = "<group>";
		};
		5F9C3CF01E63C0CB009659E4 /* PageControl */ = {
			isa = PBXGroup;
			children = (
				5F9C3CF11E63C0CB009659E4 /* TAAbstractDotView.h */,
				5F9C3CF21E63C0CB009659E4 /* TAAbstractDotView.m */,
				5F9C3CF31E63C0CB009659E4 /* TAAnimatedDotView.h */,
				5F9C3CF41E63C0CB009659E4 /* TAAnimatedDotView.m */,
				5F9C3CF51E63C0CB009659E4 /* TADotView.h */,
				5F9C3CF61E63C0CB009659E4 /* TADotView.m */,
				5F9C3CF71E63C0CB009659E4 /* TAPageControl.h */,
				5F9C3CF81E63C0CB009659E4 /* TAPageControl.m */,
			);
			path = PageControl;
			sourceTree = "<group>";
		};
		5F9C3D061E63C669009659E4 /* Cycle */ = {
			isa = PBXGroup;
			children = (
				5F9C3D071E63C669009659E4 /* cycle_01.jpg */,
				5F9C3D081E63C669009659E4 /* cycle_02.jpg */,
				5F9C3D091E63C669009659E4 /* cycle_03.jpg */,
				5F9C3D0A1E63C669009659E4 /* cycle_04.jpg */,
				5F9C3D0B1E63C669009659E4 /* cycle_05.jpg */,
				5F9C3D0C1E63C669009659E4 /* cycle_06.jpg */,
				5F9C3D0D1E63C669009659E4 /* cycle_07.jpg */,
				5F9C3D0E1E63C669009659E4 /* cycle_08.jpg */,
			);
			path = Cycle;
			sourceTree = "<group>";
		};
		5F9C3D251E64280F009659E4 /* HomeHeader */ = {
			isa = PBXGroup;
			children = (
				5F9C3D221E642638009659E4 /* HomeHeaderView.h */,
				5F9C3D231E642638009659E4 /* HomeHeaderView.m */,
				5F9C3D171E63CBC6009659E4 /* SquareButtonView.h */,
				5F9C3D181E63CBC6009659E4 /* SquareButtonView.m */,
				5F9C3D1A1E6413D7009659E4 /* CircleCollectionView.h */,
				5F9C3D1B1E6413D7009659E4 /* CircleCollectionView.m */,
				5F9C3D1D1E6413EA009659E4 /* CircleCollectionViewCell.h */,
				5F9C3D1E1E6413EA009659E4 /* CircleCollectionViewCell.m */,
				5F9C3D1F1E6413EA009659E4 /* CircleCollectionViewCell.xib */,
			);
			name = HomeHeader;
			sourceTree = "<group>";
		};
		5F9C3D261E642845009659E4 /* HeaderNavigationView */ = {
			isa = PBXGroup;
			children = (
				5F9C3CD81E627937009659E4 /* HeaderNavigationView.h */,
				5F9C3CD91E627937009659E4 /* HeaderNavigationView.m */,
				5F9C3CD21E60081E009659E4 /* ListSelectButton.h */,
				5F9C3CD31E60081E009659E4 /* ListSelectButton.m */,
			);
			name = HeaderNavigationView;
			sourceTree = "<group>";
		};
		5F9C3D271E642865009659E4 /* HomeTableView */ = {
			isa = PBXGroup;
			children = (
				5F9C3CC61E5F32C7009659E4 /* HomeTableView.h */,
				5F9C3CC71E5F32C7009659E4 /* HomeTableView.m */,
				5F9C3CC91E5F3348009659E4 /* HomeArrayDataSource.h */,
				5F9C3CCA1E5F3348009659E4 /* HomeArrayDataSource.m */,
			);
			name = HomeTableView;
			sourceTree = "<group>";
		};
		5FC698E61E5D786200B8574D = {
			isa = PBXGroup;
			children = (
				5FC698F11E5D786200B8574D /* Zimu */,
				5FC6990B1E5D786200B8574D /* ZimuTests */,
				5FC699161E5D786200B8574D /* ZimuUITests */,
				5FC698F01E5D786200B8574D /* Products */,
				49EDFC34B92567266CE5ABA9 /* Pods */,
				A408D73709D2BEB81BB564F0 /* Frameworks */,
			);
			sourceTree = "<group>";
		};
		5FC698F01E5D786200B8574D /* Products */ = {
			isa = PBXGroup;
			children = (
				5FC698EF1E5D786200B8574D /* Zimu.app */,
				5FC699081E5D786200B8574D /* ZimuTests.xctest */,
				5FC699131E5D786200B8574D /* ZimuUITests.xctest */,
			);
			name = Products;
			sourceTree = "<group>";
		};
		5FC698F11E5D786200B8574D /* Zimu */ = {
			isa = PBXGroup;
			children = (
				5F9C3C671E5E802C009659E4 /* Classes */,
				5FC698F21E5D786200B8574D /* Supporting Files */,
			);
			path = Zimu;
			sourceTree = "<group>";
		};
		5FC698F21E5D786200B8574D /* Supporting Files */ = {
			isa = PBXGroup;
			children = (
				5F9C3C8C1E5E80AC009659E4 /* Assets.xcassets */,
				5F9C3C8D1E5E80AC009659E4 /* Info.plist */,
				5F9C3C8E1E5E80AC009659E4 /* main.m */,
			);
			name = "Supporting Files";
			sourceTree = "<group>";
		};
		5FC6990B1E5D786200B8574D /* ZimuTests */ = {
			isa = PBXGroup;
			children = (
				5FC6990C1E5D786200B8574D /* ZimuTests.m */,
				5FC6990E1E5D786200B8574D /* Info.plist */,
			);
			path = ZimuTests;
			sourceTree = "<group>";
		};
		5FC699161E5D786200B8574D /* ZimuUITests */ = {
			isa = PBXGroup;
			children = (
				5FC699171E5D786200B8574D /* ZimuUITests.m */,
				5FC699191E5D786200B8574D /* Info.plist */,
			);
			path = ZimuUITests;
			sourceTree = "<group>";
		};
		A408D73709D2BEB81BB564F0 /* Frameworks */ = {
			isa = PBXGroup;
			children = (
				481634BDD47E6138955329BC /* Pods_Zimu.framework */,
			);
			name = Frameworks;
			sourceTree = "<group>";
		};
/* End PBXGroup section */

/* Begin PBXNativeTarget section */
		5FC698EE1E5D786200B8574D /* Zimu */ = {
			isa = PBXNativeTarget;
			buildConfigurationList = 5FC6991C1E5D786200B8574D /* Build configuration list for PBXNativeTarget "Zimu" */;
			buildPhases = (
				1CE6E7B1B7068E3FF90FDB7C /* [CP] Check Pods Manifest.lock */,
				5FC698EB1E5D786200B8574D /* Sources */,
				5FC698EC1E5D786200B8574D /* Frameworks */,
				5FC698ED1E5D786200B8574D /* Resources */,
				D734DE4920A56CF237F82354 /* [CP] Embed Pods Frameworks */,
				ED0086385F7615949E8C33ED /* [CP] Copy Pods Resources */,
			);
			buildRules = (
			);
			dependencies = (
			);
			name = Zimu;
			productName = Zimu;
			productReference = 5FC698EF1E5D786200B8574D /* Zimu.app */;
			productType = "com.apple.product-type.application";
		};
		5FC699071E5D786200B8574D /* ZimuTests */ = {
			isa = PBXNativeTarget;
			buildConfigurationList = 5FC6991F1E5D786200B8574D /* Build configuration list for PBXNativeTarget "ZimuTests" */;
			buildPhases = (
				5FC699041E5D786200B8574D /* Sources */,
				5FC699051E5D786200B8574D /* Frameworks */,
				5FC699061E5D786200B8574D /* Resources */,
			);
			buildRules = (
			);
			dependencies = (
				5FC6990A1E5D786200B8574D /* PBXTargetDependency */,
			);
			name = ZimuTests;
			productName = ZimuTests;
			productReference = 5FC699081E5D786200B8574D /* ZimuTests.xctest */;
			productType = "com.apple.product-type.bundle.unit-test";
		};
		5FC699121E5D786200B8574D /* ZimuUITests */ = {
			isa = PBXNativeTarget;
			buildConfigurationList = 5FC699221E5D786200B8574D /* Build configuration list for PBXNativeTarget "ZimuUITests" */;
			buildPhases = (
				5FC6990F1E5D786200B8574D /* Sources */,
				5FC699101E5D786200B8574D /* Frameworks */,
				5FC699111E5D786200B8574D /* Resources */,
			);
			buildRules = (
			);
			dependencies = (
				5FC699151E5D786200B8574D /* PBXTargetDependency */,
			);
			name = ZimuUITests;
			productName = ZimuUITests;
			productReference = 5FC699131E5D786200B8574D /* ZimuUITests.xctest */;
			productType = "com.apple.product-type.bundle.ui-testing";
		};
/* End PBXNativeTarget section */

/* Begin PBXProject section */
		5FC698E71E5D786200B8574D /* Project object */ = {
			isa = PBXProject;
			attributes = {
				LastUpgradeCheck = 0820;
				ORGANIZATIONNAME = Zimu;
				TargetAttributes = {
					5FC698EE1E5D786200B8574D = {
						CreatedOnToolsVersion = 8.2.1;
						DevelopmentTeam = 5QXRFWHY2A;
						ProvisioningStyle = Automatic;
					};
					5FC699071E5D786200B8574D = {
						CreatedOnToolsVersion = 8.2.1;
						DevelopmentTeam = 5QXRFWHY2A;
						ProvisioningStyle = Automatic;
						TestTargetID = 5FC698EE1E5D786200B8574D;
					};
					5FC699121E5D786200B8574D = {
						CreatedOnToolsVersion = 8.2.1;
						DevelopmentTeam = 5QXRFWHY2A;
						ProvisioningStyle = Automatic;
						TestTargetID = 5FC698EE1E5D786200B8574D;
					};
				};
			};
			buildConfigurationList = 5FC698EA1E5D786200B8574D /* Build configuration list for PBXProject "Zimu" */;
			compatibilityVersion = "Xcode 3.2";
			developmentRegion = English;
			hasScannedForEncodings = 0;
			knownRegions = (
				en,
				Base,
			);
			mainGroup = 5FC698E61E5D786200B8574D;
			productRefGroup = 5FC698F01E5D786200B8574D /* Products */;
			projectDirPath = "";
			projectRoot = "";
			targets = (
				5FC698EE1E5D786200B8574D /* Zimu */,
				5FC699071E5D786200B8574D /* ZimuTests */,
				5FC699121E5D786200B8574D /* ZimuUITests */,
			);
		};
/* End PBXProject section */

/* Begin PBXResourcesBuildPhase section */
		5FC698ED1E5D786200B8574D /* Resources */ = {
			isa = PBXResourcesBuildPhase;
			buildActionMask = 2147483647;
			files = (
				5F9C3D141E63C669009659E4 /* cycle_06.jpg in Resources */,
				5F9C3D101E63C669009659E4 /* cycle_02.jpg in Resources */,
				5F9C3D111E63C669009659E4 /* cycle_03.jpg in Resources */,
				5F9C3D211E6413EA009659E4 /* CircleCollectionViewCell.xib in Resources */,
				5F9C3D121E63C669009659E4 /* cycle_04.jpg in Resources */,
				5F9C3C901E5E80AC009659E4 /* Info.plist in Resources */,
				5F9C3D151E63C669009659E4 /* cycle_07.jpg in Resources */,
				5F9C3D161E63C669009659E4 /* cycle_08.jpg in Resources */,
				5F9C3D131E63C669009659E4 /* cycle_05.jpg in Resources */,
				5F9C3C8F1E5E80AC009659E4 /* Assets.xcassets in Resources */,
				5F9C3D0F1E63C669009659E4 /* cycle_01.jpg in Resources */,
			);
			runOnlyForDeploymentPostprocessing = 0;
		};
		5FC699061E5D786200B8574D /* Resources */ = {
			isa = PBXResourcesBuildPhase;
			buildActionMask = 2147483647;
			files = (
			);
			runOnlyForDeploymentPostprocessing = 0;
		};
		5FC699111E5D786200B8574D /* Resources */ = {
			isa = PBXResourcesBuildPhase;
			buildActionMask = 2147483647;
			files = (
			);
			runOnlyForDeploymentPostprocessing = 0;
		};
/* End PBXResourcesBuildPhase section */

/* Begin PBXShellScriptBuildPhase section */
		1CE6E7B1B7068E3FF90FDB7C /* [CP] Check Pods Manifest.lock */ = {
			isa = PBXShellScriptBuildPhase;
			buildActionMask = 2147483647;
			files = (
			);
			inputPaths = (
			);
			name = "[CP] Check Pods Manifest.lock";
			outputPaths = (
			);
			runOnlyForDeploymentPostprocessing = 0;
			shellPath = /bin/sh;
			shellScript = "diff \"${PODS_ROOT}/../Podfile.lock\" \"${PODS_ROOT}/Manifest.lock\" > /dev/null\nif [ $? != 0 ] ; then\n    # print error to STDERR\n    echo \"error: The sandbox is not in sync with the Podfile.lock. Run 'pod install' or update your CocoaPods installation.\" >&2\n    exit 1\nfi\n";
			showEnvVarsInLog = 0;
		};
		D734DE4920A56CF237F82354 /* [CP] Embed Pods Frameworks */ = {
			isa = PBXShellScriptBuildPhase;
			buildActionMask = 2147483647;
			files = (
			);
			inputPaths = (
			);
			name = "[CP] Embed Pods Frameworks";
			outputPaths = (
			);
			runOnlyForDeploymentPostprocessing = 0;
			shellPath = /bin/sh;
			shellScript = "\"${SRCROOT}/Pods/Target Support Files/Pods-Zimu/Pods-Zimu-frameworks.sh\"\n";
			showEnvVarsInLog = 0;
		};
		ED0086385F7615949E8C33ED /* [CP] Copy Pods Resources */ = {
			isa = PBXShellScriptBuildPhase;
			buildActionMask = 2147483647;
			files = (
			);
			inputPaths = (
			);
			name = "[CP] Copy Pods Resources";
			outputPaths = (
			);
			runOnlyForDeploymentPostprocessing = 0;
			shellPath = /bin/sh;
			shellScript = "\"${SRCROOT}/Pods/Target Support Files/Pods-Zimu/Pods-Zimu-resources.sh\"\n";
			showEnvVarsInLog = 0;
		};
/* End PBXShellScriptBuildPhase section */

/* Begin PBXSourcesBuildPhase section */
		5FC698EB1E5D786200B8574D /* Sources */ = {
			isa = PBXSourcesBuildPhase;
			buildActionMask = 2147483647;
			files = (
				5F9C3D1C1E6413D7009659E4 /* CircleCollectionView.m in Sources */,
				5F9C3CDA1E627937009659E4 /* HeaderNavigationView.m in Sources */,
				5F9C3CB81E5EBA38009659E4 /* CourseViewController.m in Sources */,
				5F9C3CD41E60081E009659E4 /* ListSelectButton.m in Sources */,
				5F9C3CC81E5F32C7009659E4 /* HomeTableView.m in Sources */,
				5F9C3CA61E5EB7D8009659E4 /* BlankPageView.m in Sources */,
				5F9C3CDF1E62CBA0009659E4 /* UIView+ViewController.m in Sources */,
				5F9C3CFF1E63C0CB009659E4 /* TAAbstractDotView.m in Sources */,
				5F9C3CAF1E5EB9FA009659E4 /* BaseViewController.m in Sources */,
				5F9C3CB21E5EBA19009659E4 /* ConsultViewController.m in Sources */,
				5F9C3D241E642638009659E4 /* HomeHeaderView.m in Sources */,
				5F9C3C9D1E5EB6A4009659E4 /* ZMTabBar.m in Sources */,
				5F9C3CC11E5EBB96009659E4 /* UIBarButtonItem+ZMExtension.m in Sources */,
				5F9C3CAC1E5EB825009659E4 /* UIView+BlankExtension.m in Sources */,
				5F9C3C911E5E80AC009659E4 /* main.m in Sources */,
				5F9C3CA31E5EB7B5009659E4 /* BaseNavigationController.m in Sources */,
				5F9C3CA01E5EB6C8009659E4 /* RootTabBarController.m in Sources */,
				5F9C3C9C1E5EB6A4009659E4 /* UIImage+ZMExtension.m in Sources */,
				5F9C3C891E5E802C009659E4 /* AppDelegate.m in Sources */,
				5F9C3CEE1E63209B009659E4 /* ODRefreshControl.m in Sources */,
				5F9C3CCB1E5F3348009659E4 /* HomeArrayDataSource.m in Sources */,
				5F9C3D041E63C0CB009659E4 /* SDCycleScrollView.m in Sources */,
				5F9C3D011E63C0CB009659E4 /* TADotView.m in Sources */,
				5F9C3D191E63CBC6009659E4 /* SquareButtonView.m in Sources */,
				5F9C3CE51E62CFF2009659E4 /* UIColor+HexString.m in Sources */,
				5F9C3D021E63C0CB009659E4 /* TAPageControl.m in Sources */,
				5F9C3CEB1E62D17C009659E4 /* UIView+ZMExtension.m in Sources */,
				5F9C3CBE1E5EBA52009659E4 /* MineViewController.m in Sources */,
				5F9C3D001E63C0CB009659E4 /* TAAnimatedDotView.m in Sources */,
				5F9C3D031E63C0CB009659E4 /* SDCollectionViewCell.m in Sources */,
				5F9C3CB51E5EBA2D009659E4 /* HomeViewController.m in Sources */,
				5F9C3D201E6413EA009659E4 /* CircleCollectionViewCell.m in Sources */,
				5F9C3CC41E5EBEC9009659E4 /* TestViewController.m in Sources */,
				5F9C3CBB1E5EBA49009659E4 /* FindViewController.m in Sources */,
				5F9C3D051E63C0CB009659E4 /* UIView+SDExtension.m in Sources */,
			);
			runOnlyForDeploymentPostprocessing = 0;
		};
		5FC699041E5D786200B8574D /* Sources */ = {
			isa = PBXSourcesBuildPhase;
			buildActionMask = 2147483647;
			files = (
				5FC6990D1E5D786200B8574D /* ZimuTests.m in Sources */,
			);
			runOnlyForDeploymentPostprocessing = 0;
		};
		5FC6990F1E5D786200B8574D /* Sources */ = {
			isa = PBXSourcesBuildPhase;
			buildActionMask = 2147483647;
			files = (
				5FC699181E5D786200B8574D /* ZimuUITests.m in Sources */,
			);
			runOnlyForDeploymentPostprocessing = 0;
		};
/* End PBXSourcesBuildPhase section */

/* Begin PBXTargetDependency section */
		5FC6990A1E5D786200B8574D /* PBXTargetDependency */ = {
			isa = PBXTargetDependency;
			target = 5FC698EE1E5D786200B8574D /* Zimu */;
			targetProxy = 5FC699091E5D786200B8574D /* PBXContainerItemProxy */;
		};
		5FC699151E5D786200B8574D /* PBXTargetDependency */ = {
			isa = PBXTargetDependency;
			target = 5FC698EE1E5D786200B8574D /* Zimu */;
			targetProxy = 5FC699141E5D786200B8574D /* PBXContainerItemProxy */;
		};
/* End PBXTargetDependency section */

/* Begin XCBuildConfiguration section */
		5FC6991A1E5D786200B8574D /* Debug */ = {
			isa = XCBuildConfiguration;
			buildSettings = {
				ALWAYS_SEARCH_USER_PATHS = NO;
				CLANG_ANALYZER_NONNULL = YES;
				CLANG_CXX_LANGUAGE_STANDARD = "gnu++0x";
				CLANG_CXX_LIBRARY = "libc++";
				CLANG_ENABLE_MODULES = YES;
				CLANG_ENABLE_OBJC_ARC = YES;
				CLANG_WARN_BOOL_CONVERSION = YES;
				CLANG_WARN_CONSTANT_CONVERSION = YES;
				CLANG_WARN_DIRECT_OBJC_ISA_USAGE = YES_ERROR;
				CLANG_WARN_DOCUMENTATION_COMMENTS = YES;
				CLANG_WARN_EMPTY_BODY = YES;
				CLANG_WARN_ENUM_CONVERSION = YES;
				CLANG_WARN_INFINITE_RECURSION = YES;
				CLANG_WARN_INT_CONVERSION = YES;
				CLANG_WARN_OBJC_ROOT_CLASS = YES_ERROR;
				CLANG_WARN_SUSPICIOUS_MOVE = YES;
				CLANG_WARN_UNREACHABLE_CODE = YES;
				CLANG_WARN__DUPLICATE_METHOD_MATCH = YES;
				"CODE_SIGN_IDENTITY[sdk=iphoneos*]" = "iPhone Developer";
				COPY_PHASE_STRIP = NO;
				DEBUG_INFORMATION_FORMAT = dwarf;
				ENABLE_STRICT_OBJC_MSGSEND = YES;
				ENABLE_TESTABILITY = YES;
				GCC_C_LANGUAGE_STANDARD = gnu99;
				GCC_DYNAMIC_NO_PIC = NO;
				GCC_NO_COMMON_BLOCKS = YES;
				GCC_OPTIMIZATION_LEVEL = 0;
				GCC_PREPROCESSOR_DEFINITIONS = (
					"DEBUG=1",
					"$(inherited)",
				);
				GCC_WARN_64_TO_32_BIT_CONVERSION = YES;
				GCC_WARN_ABOUT_RETURN_TYPE = YES_ERROR;
				GCC_WARN_UNDECLARED_SELECTOR = YES;
				GCC_WARN_UNINITIALIZED_AUTOS = YES_AGGRESSIVE;
				GCC_WARN_UNUSED_FUNCTION = YES;
				GCC_WARN_UNUSED_VARIABLE = YES;
				IPHONEOS_DEPLOYMENT_TARGET = 10.2;
				MTL_ENABLE_DEBUG_INFO = YES;
				ONLY_ACTIVE_ARCH = YES;
				SDKROOT = iphoneos;
				TARGETED_DEVICE_FAMILY = "1,2";
			};
			name = Debug;
		};
		5FC6991B1E5D786200B8574D /* Release */ = {
			isa = XCBuildConfiguration;
			buildSettings = {
				ALWAYS_SEARCH_USER_PATHS = NO;
				CLANG_ANALYZER_NONNULL = YES;
				CLANG_CXX_LANGUAGE_STANDARD = "gnu++0x";
				CLANG_CXX_LIBRARY = "libc++";
				CLANG_ENABLE_MODULES = YES;
				CLANG_ENABLE_OBJC_ARC = YES;
				CLANG_WARN_BOOL_CONVERSION = YES;
				CLANG_WARN_CONSTANT_CONVERSION = YES;
				CLANG_WARN_DIRECT_OBJC_ISA_USAGE = YES_ERROR;
				CLANG_WARN_DOCUMENTATION_COMMENTS = YES;
				CLANG_WARN_EMPTY_BODY = YES;
				CLANG_WARN_ENUM_CONVERSION = YES;
				CLANG_WARN_INFINITE_RECURSION = YES;
				CLANG_WARN_INT_CONVERSION = YES;
				CLANG_WARN_OBJC_ROOT_CLASS = YES_ERROR;
				CLANG_WARN_SUSPICIOUS_MOVE = YES;
				CLANG_WARN_UNREACHABLE_CODE = YES;
				CLANG_WARN__DUPLICATE_METHOD_MATCH = YES;
				"CODE_SIGN_IDENTITY[sdk=iphoneos*]" = "iPhone Developer";
				COPY_PHASE_STRIP = NO;
				DEBUG_INFORMATION_FORMAT = "dwarf-with-dsym";
				ENABLE_NS_ASSERTIONS = NO;
				ENABLE_STRICT_OBJC_MSGSEND = YES;
				GCC_C_LANGUAGE_STANDARD = gnu99;
				GCC_NO_COMMON_BLOCKS = YES;
				GCC_WARN_64_TO_32_BIT_CONVERSION = YES;
				GCC_WARN_ABOUT_RETURN_TYPE = YES_ERROR;
				GCC_WARN_UNDECLARED_SELECTOR = YES;
				GCC_WARN_UNINITIALIZED_AUTOS = YES_AGGRESSIVE;
				GCC_WARN_UNUSED_FUNCTION = YES;
				GCC_WARN_UNUSED_VARIABLE = YES;
				IPHONEOS_DEPLOYMENT_TARGET = 10.2;
				MTL_ENABLE_DEBUG_INFO = NO;
				SDKROOT = iphoneos;
				TARGETED_DEVICE_FAMILY = "1,2";
				VALIDATE_PRODUCT = YES;
			};
			name = Release;
		};
		5FC6991D1E5D786200B8574D /* Debug */ = {
			isa = XCBuildConfiguration;
			baseConfigurationReference = 3A3032DEBE425F530364D998 /* Pods-Zimu.debug.xcconfig */;
			buildSettings = {
				ASSETCATALOG_COMPILER_APPICON_NAME = AppIcon;
				ASSETCATALOG_COMPILER_LAUNCHIMAGE_NAME = "Brand Assets";
				DEVELOPMENT_TEAM = 5QXRFWHY2A;
				GCC_PREFIX_HEADER = "$(SRCROOT)/Zimu/Classes/Tool--工具/ZimuPrefixHeader.pch";
				INFOPLIST_FILE = Zimu/Info.plist;
				IPHONEOS_DEPLOYMENT_TARGET = 8.0;
				LD_RUNPATH_SEARCH_PATHS = "$(inherited) @executable_path/Frameworks";
				PRODUCT_BUNDLE_IDENTIFIER = com.zimu.Zimu;
				PRODUCT_NAME = "$(TARGET_NAME)";
			};
			name = Debug;
		};
		5FC6991E1E5D786200B8574D /* Release */ = {
			isa = XCBuildConfiguration;
			baseConfigurationReference = 1573BFC1D12E396CD1C32560 /* Pods-Zimu.release.xcconfig */;
			buildSettings = {
				ASSETCATALOG_COMPILER_APPICON_NAME = AppIcon;
				ASSETCATALOG_COMPILER_LAUNCHIMAGE_NAME = "Brand Assets";
				DEVELOPMENT_TEAM = 5QXRFWHY2A;
				GCC_PREFIX_HEADER = "$(SRCROOT)/Zimu/Classes/Tool--工具/ZimuPrefixHeader.pch";
				INFOPLIST_FILE = Zimu/Info.plist;
				IPHONEOS_DEPLOYMENT_TARGET = 8.0;
				LD_RUNPATH_SEARCH_PATHS = "$(inherited) @executable_path/Frameworks";
				PRODUCT_BUNDLE_IDENTIFIER = com.zimu.Zimu;
				PRODUCT_NAME = "$(TARGET_NAME)";
			};
			name = Release;
		};
		5FC699201E5D786200B8574D /* Debug */ = {
			isa = XCBuildConfiguration;
			buildSettings = {
				BUNDLE_LOADER = "$(TEST_HOST)";
				DEVELOPMENT_TEAM = 5QXRFWHY2A;
				INFOPLIST_FILE = ZimuTests/Info.plist;
				LD_RUNPATH_SEARCH_PATHS = "$(inherited) @executable_path/Frameworks @loader_path/Frameworks";
				PRODUCT_BUNDLE_IDENTIFIER = com.zimu.ZimuTests;
				PRODUCT_NAME = "$(TARGET_NAME)";
				TEST_HOST = "$(BUILT_PRODUCTS_DIR)/Zimu.app/Zimu";
			};
			name = Debug;
		};
		5FC699211E5D786200B8574D /* Release */ = {
			isa = XCBuildConfiguration;
			buildSettings = {
				BUNDLE_LOADER = "$(TEST_HOST)";
				DEVELOPMENT_TEAM = 5QXRFWHY2A;
				INFOPLIST_FILE = ZimuTests/Info.plist;
				LD_RUNPATH_SEARCH_PATHS = "$(inherited) @executable_path/Frameworks @loader_path/Frameworks";
				PRODUCT_BUNDLE_IDENTIFIER = com.zimu.ZimuTests;
				PRODUCT_NAME = "$(TARGET_NAME)";
				TEST_HOST = "$(BUILT_PRODUCTS_DIR)/Zimu.app/Zimu";
			};
			name = Release;
		};
		5FC699231E5D786200B8574D /* Debug */ = {
			isa = XCBuildConfiguration;
			buildSettings = {
				DEVELOPMENT_TEAM = 5QXRFWHY2A;
				INFOPLIST_FILE = ZimuUITests/Info.plist;
				LD_RUNPATH_SEARCH_PATHS = "$(inherited) @executable_path/Frameworks @loader_path/Frameworks";
				PRODUCT_BUNDLE_IDENTIFIER = com.zimu.ZimuUITests;
				PRODUCT_NAME = "$(TARGET_NAME)";
				TEST_TARGET_NAME = Zimu;
			};
			name = Debug;
		};
		5FC699241E5D786200B8574D /* Release */ = {
			isa = XCBuildConfiguration;
			buildSettings = {
				DEVELOPMENT_TEAM = 5QXRFWHY2A;
				INFOPLIST_FILE = ZimuUITests/Info.plist;
				LD_RUNPATH_SEARCH_PATHS = "$(inherited) @executable_path/Frameworks @loader_path/Frameworks";
				PRODUCT_BUNDLE_IDENTIFIER = com.zimu.ZimuUITests;
				PRODUCT_NAME = "$(TARGET_NAME)";
				TEST_TARGET_NAME = Zimu;
			};
			name = Release;
		};
/* End XCBuildConfiguration section */

/* Begin XCConfigurationList section */
		5FC698EA1E5D786200B8574D /* Build configuration list for PBXProject "Zimu" */ = {
			isa = XCConfigurationList;
			buildConfigurations = (
				5FC6991A1E5D786200B8574D /* Debug */,
				5FC6991B1E5D786200B8574D /* Release */,
			);
			defaultConfigurationIsVisible = 0;
			defaultConfigurationName = Release;
		};
		5FC6991C1E5D786200B8574D /* Build configuration list for PBXNativeTarget "Zimu" */ = {
			isa = XCConfigurationList;
			buildConfigurations = (
				5FC6991D1E5D786200B8574D /* Debug */,
				5FC6991E1E5D786200B8574D /* Release */,
			);
			defaultConfigurationIsVisible = 0;
			defaultConfigurationName = Release;
		};
		5FC6991F1E5D786200B8574D /* Build configuration list for PBXNativeTarget "ZimuTests" */ = {
			isa = XCConfigurationList;
			buildConfigurations = (
				5FC699201E5D786200B8574D /* Debug */,
				5FC699211E5D786200B8574D /* Release */,
			);
			defaultConfigurationIsVisible = 0;
			defaultConfigurationName = Release;
		};
		5FC699221E5D786200B8574D /* Build configuration list for PBXNativeTarget "ZimuUITests" */ = {
			isa = XCConfigurationList;
			buildConfigurations = (
				5FC699231E5D786200B8574D /* Debug */,
				5FC699241E5D786200B8574D /* Release */,
			);
			defaultConfigurationIsVisible = 0;
			defaultConfigurationName = Release;
		};
/* End XCConfigurationList section */
	};
	rootObject = 5FC698E71E5D786200B8574D /* Project object */;
}
